
Microsoft Visual Studio Solution File, Format Version 12.00
# Visual Studio Version 17
VisualStudioVersion = 17.11.35303.130
MinimumVisualStudioVersion = 10.0.40219.1
Project("{2150E333-8FDC-42A3-9474-1A3956D46DE8}") = "Task0", "Task0", "{278ACE03-C4C3-429B-A513-A4B6D256467C}"
EndProject
Project("{9A19103F-16F7-4668-BE54-9A1E7A4F7556}") = "Tyuiu.NazarenkoVV.Sprint0.Task.V0", "Tyuiu.NazarenkoVV.Sprint0.Task.V0\Tyuiu.NazarenkoVV.Sprint0.Task.V0.csproj", "{1DE635A9-8B75-4575-87B7-2B109E3430F2}"
EndProject
Project("{2150E333-8FDC-42A3-9474-1A3956D46DE8}") = "Task1", "Task1", "{E1D90943-1276-4A98-AB44-740FAEABBA62}"
EndProject
Project("{9A19103F-16F7-4668-BE54-9A1E7A4F7556}") = "Tyuiu.NazarenkoVV.Sprint0.Task1.V0", "Tyuiu.NazarenkoVV.Sprint0.Task1.V0\Tyuiu.NazarenkoVV.Sprint0.Task1.V0.csproj", "{0E1BB711-39BA-4098-BBCD-D49A72B8F611}"
EndProject
Project("{2150E333-8FDC-42A3-9474-1A3956D46DE8}") = "Task2", "Task2", "{D6164E54-656F-4AEC-BF2D-0C475965A12E}"
EndProject
Project("{9A19103F-16F7-4668-BE54-9A1E7A4F7556}") = "Tyuiu.NazarenkoVV.Sprint0.Task2.V0", "Tyuiu.NazarenkoVV.Sprint0.Task2.V0\Tyuiu.NazarenkoVV.Sprint0.Task2.V0.csproj", "{2F3977EF-5A04-43DF-AE15-4A8CBA58C1CA}"
EndProject
Project("{9A19103F-16F7-4668-BE54-9A1E7A4F7556}") = "Tyuiu.NazarenkoVV.Sprint0.Task2.V0.Lib", "Tyuiu.NazarenkoVV.Sprint0.Task2.V0.Lib\Tyuiu.NazarenkoVV.Sprint0.Task2.V0.Lib.csproj", "{20BF3C2C-81DC-47CB-B9CC-142FD609B88E}"
EndProject
Project("{9A19103F-16F7-4668-BE54-9A1E7A4F7556}") = "Tyuiu.NazarenkoVV.Sprint0.Task2.V0.Test", "Tyuiu.NazarenkoVV.Sprint0.Task2.V0.Test\Tyuiu.NazarenkoVV.Sprint0.Task2.V0.Test.csproj", "{10ADF09A-3216-4890-87A5-BB03FB420D71}"
EndProject
Project("{2150E333-8FDC-42A3-9474-1A3956D46DE8}") = "Task3", "Task3", "{22DE120D-1C34-4AFD-9AED-556F25A1AAA0}"
EndProject
Project("{9A19103F-16F7-4668-BE54-9A1E7A4F7556}") = "Tyuiu.NazarenkoVV.Sprint0.Task3.V0", "Tyuiu.NazarenkoVV.Sprint0.Task3V0\Tyuiu.NazarenkoVV.Sprint0.Task3.V0.csproj", "{3CC9B67B-4F21-4870-AA83-74E022E2B6AE}"
EndProject
Project("{9A19103F-16F7-4668-BE54-9A1E7A4F7556}") = "Tyuiu.NazarenkoVV.Sprint0.Task3.V0.Lib", "Tyuiu.NazarenkoVV.Sprint0.Task3V0.Lib\Tyuiu.NazarenkoVV.Sprint0.Task3.V0.Lib.csproj", "{D66014C0-B0E2-462D-8841-7373891D8CD8}"
EndProject
Project("{9A19103F-16F7-4668-BE54-9A1E7A4F7556}") = "Tyuiu.NazarenkoVV.Sprint0.Task3.V0.Test", "Tyuiu.NazarenkoVV.Sprint0.Task3.V0.Test\Tyuiu.NazarenkoVV.Sprint0.Task3.V0.Test.csproj", "{C7ADE264-58E1-4654-9CC6-9FA523A563E0}"
EndProject
Project("{2150E333-8FDC-42A3-9474-1A3956D46DE8}") = "Task4", "Task4", "{DF3762BF-EF41-43B4-A5C4-62B5E9FA7118}"
EndProject
Project("{9A19103F-16F7-4668-BE54-9A1E7A4F7556}") = "Tyuiu.NazarenkoVV.Sprint0.Task4.V0", "Tyuiu.NazarenkoVV.Sprint0.Task4.V0\Tyuiu.NazarenkoVV.Sprint0.Task4.V0.csproj", "{F11C2A71-73CC-4FC2-8C8F-9BFCB78346EB}"
EndProject
Project("{9A19103F-16F7-4668-BE54-9A1E7A4F7556}") = "Tyuiu.NazarenkoVV.Sprint0.Task4.V0.Lib", "Tyuiu.NazarenkoVV.Sprint0.Task4.V0.Lib\Tyuiu.NazarenkoVV.Sprint0.Task4.V0.Lib.csproj", "{E26A34B0-8F35-4872-95CA-1B45EF76211D}"
EndProject
Project("{9A19103F-16F7-4668-BE54-9A1E7A4F7556}") = "Tyuiu.NazarenkoVV.Sprint0.Task4.V0.Test", "Tyuiu.NazarenkoVV.Sprint0.Task4.V0.Test\Tyuiu.NazarenkoVV.Sprint0.Task4.V0.Test.csproj", "{5BAFD5FC-15C1-4C20-9728-0E876F152BD8}"
EndProject
Project("{2150E333-8FDC-42A3-9474-1A3956D46DE8}") = "Task5", "Task5", "{5B0D9E34-E6F2-4F19-B4F8-0AC6DDEFCF85}"
EndProject
Project("{FAE04EC0-301F-11D3-BF4B-00C04F79EFBC}") = "Tyuiu.NazarenkoVV.Sprint0.Task5.V0", "Tyuiu.NazarenkoVV.Sprint0.Task5.V0\Tyuiu.NazarenkoVV.Sprint0.Task5.V0.csproj", "{E4E6A6FC-5C6B-416E-83DA-A5362DFF951E}"
EndProject
Project("{FAE04EC0-301F-11D3-BF4B-00C04F79EFBC}") = "Tyuiu.NazarenkoVV.Sprint0.Task5.V0.Lib", "Tyuiu.NazarenkoVV.Sprint0.Task5.V0.Lib\Tyuiu.NazarenkoVV.Sprint0.Task5.V0.Lib.csproj", "{FCE33AAB-6326-4DE9-8FC6-60269CD26FA3}"
EndProject
Project("{FAE04EC0-301F-11D3-BF4B-00C04F79EFBC}") = "Tyuiu.NazarenkoVV.Sprint0.Task5.V0.Test", "Tyuiu.NazarenkoVV.Sprint0.Task5.V0.Test\Tyuiu.NazarenkoVV.Sprint0.Task5.V0.Test.csproj", "{1724D74F-7786-47C9-9FCB-450457259D57}"
EndProject
Project("{2150E333-8FDC-42A3-9474-1A3956D46DE8}") = "Task6", "Task6", "{02F0B1E1-D8BD-4FB2-BB41-1AEA24F12656}"
EndProject
Project("{FAE04EC0-301F-11D3-BF4B-00C04F79EFBC}") = "Tyuiu.NazarenkoVV.Sprint0.Task6.V0", "Tyuiu.NazarenkoVV.Sprint0.Task6.V0\Tyuiu.NazarenkoVV.Sprint0.Task6.V0.csproj", "{DBC6E1FF-453B-49AC-99D4-94BCE64BF44D}"
EndProject
Project("{FAE04EC0-301F-11D3-BF4B-00C04F79EFBC}") = "Tyuiu.NazarenkoVV.Sprint0.Task6.V0.Lib", "Tyuiu.NazarenkoVV.Sprint0.Task6.V0.Lib\Tyuiu.NazarenkoVV.Sprint0.Task6.V0.Lib.csproj", "{0D0F61BD-36BA-4FC5-8E16-949021007235}"
EndProject
Project("{FAE04EC0-301F-11D3-BF4B-00C04F79EFBC}") = "Tyuiu.NazarenkoVV.Sprint0.Task6.V0.Test", "Tyuiu.NazarenkoVV.Sprint0.Task6.V0.Test\Tyuiu.NazarenkoVV.Sprint0.Task6.V0.Test.csproj", "{9008BCEF-95C4-4825-86B2-F82FEF85F274}"
EndProject
Global
	GlobalSection(SolutionConfigurationPlatforms) = preSolution
		Debug|Any CPU = Debug|Any CPU
		Release|Any CPU = Release|Any CPU
	EndGlobalSection
	GlobalSection(ProjectConfigurationPlatforms) = postSolution
		{1DE635A9-8B75-4575-87B7-2B109E3430F2}.Debug|Any CPU.ActiveCfg = Debug|Any CPU
		{1DE635A9-8B75-4575-87B7-2B109E3430F2}.Debug|Any CPU.Build.0 = Debug|Any CPU
		{1DE635A9-8B75-4575-87B7-2B109E3430F2}.Release|Any CPU.ActiveCfg = Release|Any CPU
		{1DE635A9-8B75-4575-87B7-2B109E3430F2}.Release|Any CPU.Build.0 = Release|Any CPU
		{0E1BB711-39BA-4098-BBCD-D49A72B8F611}.Debug|Any CPU.ActiveCfg = Debug|Any CPU
		{0E1BB711-39BA-4098-BBCD-D49A72B8F611}.Debug|Any CPU.Build.0 = Debug|Any CPU
		{0E1BB711-39BA-4098-BBCD-D49A72B8F611}.Release|Any CPU.ActiveCfg = Release|Any CPU
		{0E1BB711-39BA-4098-BBCD-D49A72B8F611}.Release|Any CPU.Build.0 = Release|Any CPU
		{2F3977EF-5A04-43DF-AE15-4A8CBA58C1CA}.Debug|Any CPU.ActiveCfg = Debug|Any CPU
		{2F3977EF-5A04-43DF-AE15-4A8CBA58C1CA}.Debug|Any CPU.Build.0 = Debug|Any CPU
		{2F3977EF-5A04-43DF-AE15-4A8CBA58C1CA}.Release|Any CPU.ActiveCfg = Release|Any CPU
		{2F3977EF-5A04-43DF-AE15-4A8CBA58C1CA}.Release|Any CPU.Build.0 = Release|Any CPU
		{20BF3C2C-81DC-47CB-B9CC-142FD609B88E}.Debug|Any CPU.ActiveCfg = Debug|Any CPU
		{20BF3C2C-81DC-47CB-B9CC-142FD609B88E}.Debug|Any CPU.Build.0 = Debug|Any CPU
		{20BF3C2C-81DC-47CB-B9CC-142FD609B88E}.Release|Any CPU.ActiveCfg = Release|Any CPU
		{20BF3C2C-81DC-47CB-B9CC-142FD609B88E}.Release|Any CPU.Build.0 = Release|Any CPU
		{10ADF09A-3216-4890-87A5-BB03FB420D71}.Debug|Any CPU.ActiveCfg = Debug|Any CPU
		{10ADF09A-3216-4890-87A5-BB03FB420D71}.Debug|Any CPU.Build.0 = Debug|Any CPU
		{10ADF09A-3216-4890-87A5-BB03FB420D71}.Release|Any CPU.ActiveCfg = Release|Any CPU
		{10ADF09A-3216-4890-87A5-BB03FB420D71}.Release|Any CPU.Build.0 = Release|Any CPU
		{3CC9B67B-4F21-4870-AA83-74E022E2B6AE}.Debug|Any CPU.ActiveCfg = Debug|Any CPU
		{3CC9B67B-4F21-4870-AA83-74E022E2B6AE}.Debug|Any CPU.Build.0 = Debug|Any CPU
		{3CC9B67B-4F21-4870-AA83-74E022E2B6AE}.Release|Any CPU.ActiveCfg = Release|Any CPU
		{3CC9B67B-4F21-4870-AA83-74E022E2B6AE}.Release|Any CPU.Build.0 = Release|Any CPU
		{D66014C0-B0E2-462D-8841-7373891D8CD8}.Debug|Any CPU.ActiveCfg = Debug|Any CPU
		{D66014C0-B0E2-462D-8841-7373891D8CD8}.Debug|Any CPU.Build.0 = Debug|Any CPU
		{D66014C0-B0E2-462D-8841-7373891D8CD8}.Release|Any CPU.ActiveCfg = Release|Any CPU
		{D66014C0-B0E2-462D-8841-7373891D8CD8}.Release|Any CPU.Build.0 = Release|Any CPU
		{C7ADE264-58E1-4654-9CC6-9FA523A563E0}.Debug|Any CPU.ActiveCfg = Debug|Any CPU
		{C7ADE264-58E1-4654-9CC6-9FA523A563E0}.Debug|Any CPU.Build.0 = Debug|Any CPU
		{C7ADE264-58E1-4654-9CC6-9FA523A563E0}.Release|Any CPU.ActiveCfg = Release|Any CPU
		{C7ADE264-58E1-4654-9CC6-9FA523A563E0}.Release|Any CPU.Build.0 = Release|Any CPU
		{F11C2A71-73CC-4FC2-8C8F-9BFCB78346EB}.Debug|Any CPU.ActiveCfg = Debug|Any CPU
		{F11C2A71-73CC-4FC2-8C8F-9BFCB78346EB}.Debug|Any CPU.Build.0 = Debug|Any CPU
		{F11C2A71-73CC-4FC2-8C8F-9BFCB78346EB}.Release|Any CPU.ActiveCfg = Release|Any CPU
		{F11C2A71-73CC-4FC2-8C8F-9BFCB78346EB}.Release|Any CPU.Build.0 = Release|Any CPU
		{E26A34B0-8F35-4872-95CA-1B45EF76211D}.Debug|Any CPU.ActiveCfg = Debug|Any CPU
		{E26A34B0-8F35-4872-95CA-1B45EF76211D}.Debug|Any CPU.Build.0 = Debug|Any CPU
		{E26A34B0-8F35-4872-95CA-1B45EF76211D}.Release|Any CPU.ActiveCfg = Release|Any CPU
		{E26A34B0-8F35-4872-95CA-1B45EF76211D}.Release|Any CPU.Build.0 = Release|Any CPU
		{5BAFD5FC-15C1-4C20-9728-0E876F152BD8}.Debug|Any CPU.ActiveCfg = Debug|Any CPU
		{5BAFD5FC-15C1-4C20-9728-0E876F152BD8}.Debug|Any CPU.Build.0 = Debug|Any CPU
		{5BAFD5FC-15C1-4C20-9728-0E876F152BD8}.Release|Any CPU.ActiveCfg = Release|Any CPU
		{5BAFD5FC-15C1-4C20-9728-0E876F152BD8}.Release|Any CPU.Build.0 = Release|Any CPU
		{E4E6A6FC-5C6B-416E-83DA-A5362DFF951E}.Debug|Any CPU.ActiveCfg = Debug|Any CPU
		{E4E6A6FC-5C6B-416E-83DA-A5362DFF951E}.Debug|Any CPU.Build.0 = Debug|Any CPU
		{E4E6A6FC-5C6B-416E-83DA-A5362DFF951E}.Release|Any CPU.ActiveCfg = Release|Any CPU
		{E4E6A6FC-5C6B-416E-83DA-A5362DFF951E}.Release|Any CPU.Build.0 = Release|Any CPU
		{FCE33AAB-6326-4DE9-8FC6-60269CD26FA3}.Debug|Any CPU.ActiveCfg = Debug|Any CPU
		{FCE33AAB-6326-4DE9-8FC6-60269CD26FA3}.Debug|Any CPU.Build.0 = Debug|Any CPU
		{FCE33AAB-6326-4DE9-8FC6-60269CD26FA3}.Release|Any CPU.ActiveCfg = Release|Any CPU
		{FCE33AAB-6326-4DE9-8FC6-60269CD26FA3}.Release|Any CPU.Build.0 = Release|Any CPU
		{1724D74F-7786-47C9-9FCB-450457259D57}.Debug|Any CPU.ActiveCfg = Debug|Any CPU
		{1724D74F-7786-47C9-9FCB-450457259D57}.Debug|Any CPU.Build.0 = Debug|Any CPU
		{1724D74F-7786-47C9-9FCB-450457259D57}.Release|Any CPU.ActiveCfg = Release|Any CPU
		{1724D74F-7786-47C9-9FCB-450457259D57}.Release|Any CPU.Build.0 = Release|Any CPU
		{DBC6E1FF-453B-49AC-99D4-94BCE64BF44D}.Debug|Any CPU.ActiveCfg = Debug|Any CPU
		{DBC6E1FF-453B-49AC-99D4-94BCE64BF44D}.Debug|Any CPU.Build.0 = Debug|Any CPU
		{DBC6E1FF-453B-49AC-99D4-94BCE64BF44D}.Release|Any CPU.ActiveCfg = Release|Any CPU
		{DBC6E1FF-453B-49AC-99D4-94BCE64BF44D}.Release|Any CPU.Build.0 = Release|Any CPU
		{0D0F61BD-36BA-4FC5-8E16-949021007235}.Debug|Any CPU.ActiveCfg = Debug|Any CPU
		{0D0F61BD-36BA-4FC5-8E16-949021007235}.Debug|Any CPU.Build.0 = Debug|Any CPU
		{0D0F61BD-36BA-4FC5-8E16-949021007235}.Release|Any CPU.ActiveCfg = Release|Any CPU
		{0D0F61BD-36BA-4FC5-8E16-949021007235}.Release|Any CPU.Build.0 = Release|Any CPU
		{9008BCEF-95C4-4825-86B2-F82FEF85F274}.Debug|Any CPU.ActiveCfg = Debug|Any CPU
		{9008BCEF-95C4-4825-86B2-F82FEF85F274}.Debug|Any CPU.Build.0 = Debug|Any CPU
		{9008BCEF-95C4-4825-86B2-F82FEF85F274}.Release|Any CPU.ActiveCfg = Release|Any CPU
		{9008BCEF-95C4-4825-86B2-F82FEF85F274}.Release|Any CPU.Build.0 = Release|Any CPU
	EndGlobalSection
	GlobalSection(SolutionProperties) = preSolution
		HideSolutionNode = FALSE
	EndGlobalSection
	GlobalSection(NestedProjects) = preSolution
		{1DE635A9-8B75-4575-87B7-2B109E3430F2} = {278ACE03-C4C3-429B-A513-A4B6D256467C}
		{0E1BB711-39BA-4098-BBCD-D49A72B8F611} = {E1D90943-1276-4A98-AB44-740FAEABBA62}
		{2F3977EF-5A04-43DF-AE15-4A8CBA58C1CA} = {D6164E54-656F-4AEC-BF2D-0C475965A12E}
		{20BF3C2C-81DC-47CB-B9CC-142FD609B88E} = {D6164E54-656F-4AEC-BF2D-0C475965A12E}
		{10ADF09A-3216-4890-87A5-BB03FB420D71} = {D6164E54-656F-4AEC-BF2D-0C475965A12E}
		{3CC9B67B-4F21-4870-AA83-74E022E2B6AE} = {22DE120D-1C34-4AFD-9AED-556F25A1AAA0}
		{D66014C0-B0E2-462D-8841-7373891D8CD8} = {22DE120D-1C34-4AFD-9AED-556F25A1AAA0}
		{C7ADE264-58E1-4654-9CC6-9FA523A563E0} = {22DE120D-1C34-4AFD-9AED-556F25A1AAA0}
		{F11C2A71-73CC-4FC2-8C8F-9BFCB78346EB} = {DF3762BF-EF41-43B4-A5C4-62B5E9FA7118}
		{E26A34B0-8F35-4872-95CA-1B45EF76211D} = {DF3762BF-EF41-43B4-A5C4-62B5E9FA7118}
		{5BAFD5FC-15C1-4C20-9728-0E876F152BD8} = {DF3762BF-EF41-43B4-A5C4-62B5E9FA7118}
		{E4E6A6FC-5C6B-416E-83DA-A5362DFF951E} = {5B0D9E34-E6F2-4F19-B4F8-0AC6DDEFCF85}
		{FCE33AAB-6326-4DE9-8FC6-60269CD26FA3} = {5B0D9E34-E6F2-4F19-B4F8-0AC6DDEFCF85}
		{1724D74F-7786-47C9-9FCB-450457259D57} = {5B0D9E34-E6F2-4F19-B4F8-0AC6DDEFCF85}
		{DBC6E1FF-453B-49AC-99D4-94BCE64BF44D} = {02F0B1E1-D8BD-4FB2-BB41-1AEA24F12656}
		{0D0F61BD-36BA-4FC5-8E16-949021007235} = {02F0B1E1-D8BD-4FB2-BB41-1AEA24F12656}
		{9008BCEF-95C4-4825-86B2-F82FEF85F274} = {02F0B1E1-D8BD-4FB2-BB41-1AEA24F12656}
	EndGlobalSection
	GlobalSection(ExtensibilityGlobals) = postSolution
		SolutionGuid = {72322DF6-1602-42E7-A3B7-F8772DA1595A}
	EndGlobalSection
EndGlobal
